{
  "name": "honeybee",
  "version": "0.3.6",
  "lockfileVersion": 1,
  "requires": true,
  "dependencies": {
    "ansicolors": {
      "version": "0.2.1",
      "resolved": "https://registry.npmjs.org/ansicolors/-/ansicolors-0.2.1.tgz",
      "integrity": "sha1-vgiVmQl7dKXJxKhKDNvNtivYeu8="
    },
    "async": {
      "version": "2.6.4",
      "resolved": "https://registry.npmjs.org/async/-/async-2.6.4.tgz",
      "integrity": "sha512-mzo5dfJYwAn29PeiJ0zvwTo04zj8HDJj0Mn8TD7sno7q12prdbnasKJHhkm2c1LgrhlJ0teaea8860oxi51mGA==",
      "requires": {
        "lodash": "^4.17.14"
      }
    },
    "cardinal": {
      "version": "1.0.0",
      "resolved": "https://registry.npmjs.org/cardinal/-/cardinal-1.0.0.tgz",
      "integrity": "sha1-UOIcGwqjdyn5N33vGWtanOyTLuk=",
      "requires": {
        "ansicolors": "~0.2.1",
        "redeyed": "~1.0.0"
      }
    },
    "csv-parse": {
      "version": "4.16.3",
      "resolved": "https://registry.npmjs.org/csv-parse/-/csv-parse-4.16.3.tgz",
      "integrity": "sha512-cO1I/zmz4w2dcKHVvpCr7JVRu8/FymG5OEpmvsZYlccYolPBLoVGKUHgNoc4ZGkFeFlWGEDmMyBM+TTqRdW/wg=="
    },
    "dompurify": {
      "version": "2.2.6",
      "resolved": "https://registry.npmjs.org/dompurify/-/dompurify-2.2.6.tgz",
      "integrity": "sha512-7b7ZArhhH0SP6W2R9cqK6RjaU82FZ2UPM7RO8qN1b1wyvC/NY1FNWcX1Pu00fFOAnzEORtwXe4bPaClg6pUybQ=="
    },
    "esprima": {
      "version": "3.0.0",
      "resolved": "https://registry.npmjs.org/esprima/-/esprima-3.0.0.tgz",
      "integrity": "sha1-U88kes2ncxPlUcOqLnM0LT+099k="
    },
    "humanize": {
      "version": "0.0.9",
      "resolved": "https://registry.npmjs.org/humanize/-/humanize-0.0.9.tgz",
      "integrity": "sha1-GZT/rs3+nEQe0r2sdFK3u0yeQaQ="
    },
    "jquery": {
      "version": "3.5.1",
      "resolved": "https://registry.npmjs.org/jquery/-/jquery-3.5.1.tgz",
      "integrity": "sha512-XwIBPqcMn57FxfT+Go5pzySnm4KWkT1Tv7gjrpT1srtf8Weynl6R273VJ5GjkRb51IzMp5nbaPjJXMWeju2MKg=="
    },
    "lodash": {
      "version": "4.17.21",
      "resolved": "https://registry.npmjs.org/lodash/-/lodash-4.17.21.tgz",
      "integrity": "sha512-v2kDEe57lecTulaDIuNTPy3Ry4gLGJ6Z1O3vE1krgXZNrsQ+LFTGHVxVjcXPs17LhbZVGedAJv8XZ1tvj5FvSg=="
    },
    "microplugin": {
      "version": "0.0.3",
      "resolved": "https://registry.npmjs.org/microplugin/-/microplugin-0.0.3.tgz",
      "integrity": "sha1-H8Lhu3yeGegr2Eu6kTe75xJQ2M0="
    },
    "minimist": {
      "version": "0.0.10",
      "resolved": "https://registry.npmjs.org/minimist/-/minimist-0.0.10.tgz",
      "integrity": "sha1-3j+YVD2/lggr5IrRoMfNqDYwHc8="
    },
    "moment": {
      "version": "2.29.2",
      "resolved": "https://registry.npmjs.org/moment/-/moment-2.29.2.tgz",
      "integrity": "sha512-UgzG4rvxYpN15jgCmVJwac49h9ly9NurikMWGPdVxm8GZD6XjkKPxDTjQQ43gtGgnV3X0cAyWDdP2Wexoquifg=="
    },
    "node-jsb": {
      "version": "3.1.0",
      "resolved": "https://registry.npmjs.org/node-jsb/-/node-jsb-3.1.0.tgz",
      "integrity": "sha1-UoGamGnZ+ScuBTCwtdCiEqdUr40="
    },
    "optimist": {
      "version": "0.6.1",
      "resolved": "https://registry.npmjs.org/optimist/-/optimist-0.6.1.tgz",
      "integrity": "sha1-2j6nRob6IaGaERwybpDrFaAZZoY=",
      "requires": {
        "minimist": "~0.0.1",
        "wordwrap": "~0.0.2"
      }
    },
    "redeyed": {
      "version": "1.0.1",
      "resolved": "https://registry.npmjs.org/redeyed/-/redeyed-1.0.1.tgz",
      "integrity": "sha1-6WwZO0DAgWsArshCaY5hGF5VSYo=",
      "requires": {
        "esprima": "~3.0.0"
      }
    },
    "requirejs": {
      "version": "2.3.6",
      "resolved": "https://registry.npmjs.org/requirejs/-/requirejs-2.3.6.tgz",
      "integrity": "sha1-5Qk9lgHCgpJRJYwLlEXU0Z+p58k="
    },
    "selectize": {
      "version": "git+https://github.com/honeybee/selectize.js.git#2af3bdea523d62d119a06ab0c1cae04d548bf9c9",
      "from": "git+https://github.com/honeybee/selectize.js.git#v1.0.0",
      "requires": {
        "microplugin": "0.0.3",
        "sifter": "^0.5.1"
      }
    },
    "sifter": {
      "version": "0.5.4",
      "resolved": "https://registry.npmjs.org/sifter/-/sifter-0.5.4.tgz",
      "integrity": "sha512-t2yxTi/MM/ESup7XH5oMu8PUcttlekt269RqxARgnvS+7D/oP6RyA1x3M/5w8dG9OgkOyQ8hNRWelQ8Rj4TAQQ==",
      "requires": {
        "async": "^2.6.0",
        "cardinal": "^1.0.0",
        "csv-parse": "^4.6.5",
        "humanize": "^0.0.9",
        "optimist": "^0.6.1"
      }
    },
    "squire-rte": {
      "version": "1.11.1",
      "resolved": "https://registry.npmjs.org/squire-rte/-/squire-rte-1.11.1.tgz",
      "integrity": "sha512-Hn86dYJBNnE9oCghPNnuTgXC93iIvtq6n1EEaEqJT6oearBcL6x8lMACY05PXxeq2BF1LhhHsPGpcG+eIrZKhg=="
    },
    "stickyfilljs": {
      "version": "2.1.0",
      "resolved": "https://registry.npmjs.org/stickyfilljs/-/stickyfilljs-2.1.0.tgz",
      "integrity": "sha1-Rtq7WZ2CddGFvbl9tZf4ai46+ns="
    },
    "wordwrap": {
      "version": "0.0.3",
      "resolved": "https://registry.npmjs.org/wordwrap/-/wordwrap-0.0.3.tgz",
      "integrity": "sha1-o9XabNXAvAAI03I0u68b7WMFkQc="
    }
  }
}
