{
  "name": "honeybee",
  "version": "0.3.5",
  "lockfileVersion": 1,
  "requires": true,
  "dependencies": {
    "dompurify": {
      "version": "1.0.11",
      "resolved": "https://registry.npmjs.org/dompurify/-/dompurify-1.0.11.tgz",
      "integrity": "sha1-/g9KQNFH98674xpQoTV1Oc/B600="
    },
    "jquery": {
      "version": "3.4.1",
      "resolved": "https://registry.npmjs.org/jquery/-/jquery-3.4.1.tgz",
      "integrity": "sha1-cU8fjZ3eS9+lV2S6N+8hRjDYDvI="
    },
    "moment": {
      "version": "2.24.0",
      "resolved": "https://registry.npmjs.org/moment/-/moment-2.24.0.tgz",
      "integrity": "sha1-DQVdU/UFKqZTyfbraLtdEr9cK1s="
    },
    "node-jsb": {
      "version": "3.1.0",
      "resolved": "https://registry.npmjs.org/node-jsb/-/node-jsb-3.1.0.tgz",
      "integrity": "sha1-UoGamGnZ+ScuBTCwtdCiEqdUr40="
    },
    "requirejs": {
      "version": "2.3.6",
      "resolved": "https://registry.npmjs.org/requirejs/-/requirejs-2.3.6.tgz",
      "integrity": "sha1-5Qk9lgHCgpJRJYwLlEXU0Z+p58k="
    },
    "selectize": {
      "version": "git+https://github.com/honeybee/selectize.js.git#2af3bdea523d62d119a06ab0c1cae04d548bf9c9",
      "from": "git+https://github.com/honeybee/selectize.js.git#v1.0.0",
      "requires": {
        "microplugin": "0.0.3",
        "sifter": "^0.5.1"
      },
      "dependencies": {
        "ansicolors": {
          "version": "0.2.1",
          "resolved": "https://registry.npmjs.org/ansicolors/-/ansicolors-0.2.1.tgz",
          "integrity": "sha1-vgiVmQl7dKXJxKhKDNvNtivYeu8="
        },
        "async": {
          "version": "2.6.3",
          "resolved": "https://registry.npmjs.org/async/-/async-2.6.3.tgz",
          "integrity": "sha512-zflvls11DCy+dQWzTW2dzuilv8Z5X/pjfmZOWba6TNIVDm+2UDaJmXSOXlasHKfNBs8oo3M0aT50fDEWfKZjXg==",
          "requires": {
            "lodash": "^4.17.14"
          }
        },
        "cardinal": {
          "version": "1.0.0",
          "resolved": "https://registry.npmjs.org/cardinal/-/cardinal-1.0.0.tgz",
          "integrity": "sha1-UOIcGwqjdyn5N33vGWtanOyTLuk=",
          "requires": {
            "ansicolors": "~0.2.1",
            "redeyed": "~1.0.0"
          }
        },
        "csv-parse": {
          "version": "2.5.0",
          "resolved": "https://registry.npmjs.org/csv-parse/-/csv-parse-2.5.0.tgz",
          "integrity": "sha512-4OcjOJQByI0YDU5COYw9HAqjo8/MOLLmT9EKyMCXUzgvh30vS1SlMK+Ho84IH5exN44cSnrYecw/7Zpu2m4lkA=="
        },
        "esprima": {
          "version": "3.0.0",
          "resolved": "https://registry.npmjs.org/esprima/-/esprima-3.0.0.tgz",
          "integrity": "sha1-U88kes2ncxPlUcOqLnM0LT+099k="
        },
        "humanize": {
          "version": "0.0.9",
          "resolved": "https://registry.npmjs.org/humanize/-/humanize-0.0.9.tgz",
          "integrity": "sha1-GZT/rs3+nEQe0r2sdFK3u0yeQaQ="
        },
        "lodash": {
          "version": "4.17.15",
          "resolved": "https://registry.npmjs.org/lodash/-/lodash-4.17.15.tgz",
          "integrity": "sha512-8xOcRHvCjnocdS5cpwXQXVzmmh5e5+saE2QGoeQmbKmRS6J3VQppPOIt0MnmE+4xlZoumy0GPG0D0MVIQbNA1A=="
        },
        "microplugin": {
          "version": "0.0.3",
          "resolved": "https://registry.npmjs.org/microplugin/-/microplugin-0.0.3.tgz",
          "integrity": "sha1-H8Lhu3yeGegr2Eu6kTe75xJQ2M0="
        },
        "minimist": {
          "version": "0.0.10",
          "resolved": "https://registry.npmjs.org/minimist/-/minimist-0.0.10.tgz",
          "integrity": "sha1-3j+YVD2/lggr5IrRoMfNqDYwHc8="
        },
        "optimist": {
          "version": "0.6.1",
          "resolved": "https://registry.npmjs.org/optimist/-/optimist-0.6.1.tgz",
          "integrity": "sha1-2j6nRob6IaGaERwybpDrFaAZZoY=",
          "requires": {
            "minimist": "~0.0.1",
            "wordwrap": "~0.0.2"
          }
        },
        "redeyed": {
          "version": "1.0.1",
          "resolved": "https://registry.npmjs.org/redeyed/-/redeyed-1.0.1.tgz",
          "integrity": "sha1-6WwZO0DAgWsArshCaY5hGF5VSYo=",
          "requires": {
            "esprima": "~3.0.0"
          }
        },
        "sifter": {
          "version": "0.5.3",
          "resolved": "https://registry.npmjs.org/sifter/-/sifter-0.5.3.tgz",
          "integrity": "sha1-XmUH/owRSyso2Qtr9OW2NuYR5Is=",
          "requires": {
            "async": "^2.6.0",
            "cardinal": "^1.0.0",
            "csv-parse": "^2.0.0",
            "humanize": "^0.0.9",
            "optimist": "^0.6.1"
          }
        },
        "wordwrap": {
          "version": "0.0.3",
          "resolved": "https://registry.npmjs.org/wordwrap/-/wordwrap-0.0.3.tgz",
          "integrity": "sha1-o9XabNXAvAAI03I0u68b7WMFkQc="
        }
      }
    },
    "squire-rte": {
      "version": "1.9.0",
      "resolved": "https://registry.npmjs.org/squire-rte/-/squire-rte-1.9.0.tgz",
      "integrity": "sha1-DNT3sCTuOX15BLYQVfOL44lHBCw="
    },
    "stickyfilljs": {
      "version": "2.1.0",
      "resolved": "https://registry.npmjs.org/stickyfilljs/-/stickyfilljs-2.1.0.tgz",
      "integrity": "sha1-Rtq7WZ2CddGFvbl9tZf4ai46+ns="
    }
  }
}
