{
  "name": "honeybee",
  "version": "0.3.7",
  "lockfileVersion": 1,
  "requires": true,
  "dependencies": {
    "@selectize/sifter": {
      "version": "0.6.2",
      "resolved": "https://registry.npmjs.org/@selectize/sifter/-/sifter-0.6.2.tgz",
      "integrity": "sha512-rpWQuzaCEV2GOEfBmP5NGST3IsA/RGRd3vugOGQVxAaN1xMI9tsrMmx5rC811iInq6OeFH3Jix5EfglYQ3XwKQ==",
      "requires": {
        "async": "^3.2.3",
        "cardinal": "^2.1.1",
        "csv-parse": "^5.0.4",
        "humanize": "^0.0.9",
        "optimist": "^0.5.2"
      }
    },
    "ansicolors": {
      "version": "0.3.2",
      "resolved": "https://registry.npmjs.org/ansicolors/-/ansicolors-0.3.2.tgz",
      "integrity": "sha1-ZlWX3oap/+Oqm/vmyuXG6kJrSXk="
    },
    "async": {
      "version": "3.2.3",
      "resolved": "https://registry.npmjs.org/async/-/async-3.2.3.tgz",
      "integrity": "sha512-spZRyzKL5l5BZQrr/6m/SqFdBN0q3OCI0f9rjfBzCMBIP4p75P620rR3gTmaksNOhmzgdxcaxdNfMy6anrbM0g=="
    },
    "cardinal": {
      "version": "2.1.1",
      "resolved": "https://registry.npmjs.org/cardinal/-/cardinal-2.1.1.tgz",
      "integrity": "sha1-fMEFXYItISlU0HsIXeolHMe8VQU=",
      "requires": {
        "ansicolors": "~0.3.2",
        "redeyed": "~2.1.0"
      }
    },
    "csv-parse": {
      "version": "5.0.4",
      "resolved": "https://registry.npmjs.org/csv-parse/-/csv-parse-5.0.4.tgz",
      "integrity": "sha512-5AIdl8l6n3iYQYxan5djB5eKDa+vBnhfWZtRpJTcrETWfVLYN0WSj3L9RwvgYt+psoO77juUr8TG8qpfGZifVQ=="
    },
    "dompurify": {
      "version": "2.3.6",
      "resolved": "https://registry.npmjs.org/dompurify/-/dompurify-2.3.6.tgz",
      "integrity": "sha512-OFP2u/3T1R5CEgWCEONuJ1a5+MFKnOYpkywpUSxv/dj1LeBT1erK+JwM7zK0ROy2BRhqVCf0LRw/kHqKuMkVGg=="
    },
    "esprima": {
      "version": "4.0.1",
      "resolved": "https://registry.npmjs.org/esprima/-/esprima-4.0.1.tgz",
      "integrity": "sha512-eGuFFw7Upda+g4p+QHvnW0RyTX/SVeJBDM/gCtMARO0cLuT2HcEKnTPvhjV6aGeqrCB/sbNop0Kszm0jsaWU4A=="
    },
    "humanize": {
      "version": "0.0.9",
      "resolved": "https://registry.npmjs.org/humanize/-/humanize-0.0.9.tgz",
      "integrity": "sha1-GZT/rs3+nEQe0r2sdFK3u0yeQaQ="
    },
    "jquery": {
      "version": "3.6.0",
      "resolved": "https://registry.npmjs.org/jquery/-/jquery-3.6.0.tgz",
      "integrity": "sha512-JVzAR/AjBvVt2BmYhxRCSYysDsPcssdmTFnzyLEts9qNwmjmu4JTAMYubEfwVOSwpQ1I1sKKFcxhZCI2buerfw=="
    },
    "jquery-ui": {
      "version": "1.13.2",
      "resolved": "https://registry.npmjs.org/jquery-ui/-/jquery-ui-1.13.2.tgz",
      "integrity": "sha512-wBZPnqWs5GaYJmo1Jj0k/mrSkzdQzKDwhXNtHKcBdAcKVxMM3KNYFq+iJ2i1rwiG53Z8M4mTn3Qxrm17uH1D4Q==",
      "optional": true,
      "requires": {
        "jquery": ">=1.8.0 <4.0.0"
      }
    },
    "microplugin": {
      "version": "0.0.3",
      "resolved": "https://registry.npmjs.org/microplugin/-/microplugin-0.0.3.tgz",
      "integrity": "sha1-H8Lhu3yeGegr2Eu6kTe75xJQ2M0="
    },
    "moment": {
      "version": "2.29.3",
      "resolved": "https://registry.npmjs.org/moment/-/moment-2.29.3.tgz",
      "integrity": "sha512-c6YRvhEo//6T2Jz/vVtYzqBzwvPT95JBQ+smCytzf7c50oMZRsR/a4w88aD34I+/QVSfnoAnSBFPJHItlOMJVw=="
    },
    "node-jsb": {
      "version": "3.1.0",
      "resolved": "https://registry.npmjs.org/node-jsb/-/node-jsb-3.1.0.tgz",
      "integrity": "sha1-UoGamGnZ+ScuBTCwtdCiEqdUr40="
    },
    "optimist": {
      "version": "0.5.2",
      "resolved": "https://registry.npmjs.org/optimist/-/optimist-0.5.2.tgz",
      "integrity": "sha1-hcjBRUszFeSniUfoV7HfAzRQv7w=",
      "requires": {
        "wordwrap": "~0.0.2"
      }
    },
    "redeyed": {
      "version": "2.1.1",
      "resolved": "https://registry.npmjs.org/redeyed/-/redeyed-2.1.1.tgz",
      "integrity": "sha1-iYS1gV2ZyyIEacme7v/jiRPmzAs=",
      "requires": {
        "esprima": "~4.0.0"
      }
    },
    "requirejs": {
      "version": "2.3.6",
      "resolved": "https://registry.npmjs.org/requirejs/-/requirejs-2.3.6.tgz",
      "integrity": "sha512-ipEzlWQe6RK3jkzikgCupiTbTvm4S0/CAU5GlgptkN5SO6F3u0UD0K18wy6ErDqiCyP4J4YYe1HuAShvsxePLg=="
    },
    "selectize": {
      "version": "git+https://github.com/honeybee/selectize.js.git#38eeb79120e49277406d9b3f3865a0ebf63c74d3",
      "from": "git+https://github.com/honeybee/selectize.js.git#v1.0.1",
      "requires": {
        "@selectize/sifter": "^0.6.2",
        "jquery-ui": "^1.13.0",
        "microplugin": "0.0.3"
      }
    },
    "squire-rte": {
      "version": "1.11.3",
      "resolved": "https://registry.npmjs.org/squire-rte/-/squire-rte-1.11.3.tgz",
      "integrity": "sha512-obFbkQU7UlDVTIjgCrnKW9bEX/C8DKRl9tz6F5txnIMb0c4eZF0Ma/ajTEGz2l+LzQVRdyVmw5uhbshV02Wa2w=="
    },
    "stickyfilljs": {
      "version": "2.1.0",
      "resolved": "https://registry.npmjs.org/stickyfilljs/-/stickyfilljs-2.1.0.tgz",
      "integrity": "sha512-LkG0BXArL5HbW2O09IAXfnBQfpScgGqJuUDUrI3Ire5YKjRz/EhakIZEJogHwgXeQ4qnTicM9sK9uYfWN11qKg=="
    },
    "wordwrap": {
      "version": "0.0.3",
      "resolved": "https://registry.npmjs.org/wordwrap/-/wordwrap-0.0.3.tgz",
      "integrity": "sha1-o9XabNXAvAAI03I0u68b7WMFkQc="
    }
  }
}
